// !$*UTF8*$!
{
	archiveVersion = 1;
	classes = {
	};
	objectVersion = 77;
	objects = {

/* Begin PBXBuildFile section */
		B10000000000000000000001 /* WarehouseMapperScannerApp.swift in Sources */ = {isa = PBXBuildFile; fileRef = A20000000000000000000001 /* WarehouseMapperScannerApp.swift */; };
		B10000000000000000000002 /* ContentView.swift in Sources */ = {isa = PBXBuildFile; fileRef = A20000000000000000000002 /* ContentView.swift */; };
		B10000000000000000000003 /* ScanSessionController.swift in Sources */ = {isa = PBXBuildFile; fileRef = A20000000000000000000003 /* ScanSessionController.swift */; };
		B10000000000000000000004 /* ARScannerView.swift in Sources */ = {isa = PBXBuildFile; fileRef = A20000000000000000000004 /* ARScannerView.swift */; };
		B10000000000000000000005 /* ARMeshGeometry+SceneKit.swift in Sources */ = {isa = PBXBuildFile; fileRef = A20000000000000000000005 /* ARMeshGeometry+SceneKit.swift */; };
		B10000000000000000000006 /* ScanArchive.swift in Sources */ = {isa = PBXBuildFile; fileRef = A20000000000000000000006 /* ScanArchive.swift */; };
		B10000000000000000000007 /* SavedScansView.swift in Sources */ = {isa = PBXBuildFile; fileRef = A20000000000000000000007 /* SavedScansView.swift */; };
		B10000000000000000000008 /* SavedScanView.swift in Sources */ = {isa = PBXBuildFile; fileRef = A20000000000000000000008 /* SavedScanView.swift */; };
		B10000000000000000000009 /* Assets.xcassets in Resources */ = {isa = PBXBuildFile; fileRef = A20000000000000000000009 /* Assets.xcassets */; };
		B1000000000000000000000A /* WarehouseMap.swift in Sources */ = {isa = PBXBuildFile; fileRef = A2000000000000000000000B /* WarehouseMap.swift */; };
		B1000000000000000000000B /* WarehouseMapView.swift in Sources */ = {isa = PBXBuildFile; fileRef = A2000000000000000000000C /* WarehouseMapView.swift */; };
		B1000000000000000000000C /* WarehouseMapSceneView.swift in Sources */ = {isa = PBXBuildFile; fileRef = A2000000000000000000000D /* WarehouseMapSceneView.swift */; };
		B1000000000000000000000D /* MarkerKit.swift in Sources */ = {isa = PBXBuildFile; fileRef = A2000000000000000000000E /* MarkerKit.swift */; };
		B1000000000000000000000E /* BarcodeCatalog.swift in Sources */ = {isa = PBXBuildFile; fileRef = A2000000000000000000000F /* BarcodeCatalog.swift */; };
		B1000000000000000000000F /* LocalAccountStore.swift in Sources */ = {isa = PBXBuildFile; fileRef = A20000000000000000000010 /* LocalAccountStore.swift */; };
		B10000000000000000000010 /* LocalAccountViews.swift in Sources */ = {isa = PBXBuildFile; fileRef = A20000000000000000000011 /* LocalAccountViews.swift */; };
		B10000000000000000000011 /* CapacityAnalysis.swift in Sources */ = {isa = PBXBuildFile; fileRef = A20000000000000000000012 /* CapacityAnalysis.swift */; };
		B10000000000000000000012 /* SpaceDashboardView.swift in Sources */ = {isa = PBXBuildFile; fileRef = A20000000000000000000013 /* SpaceDashboardView.swift */; };
		B10000000000000000000013 /* InventoryImport.swift in Sources */ = {isa = PBXBuildFile; fileRef = A20000000000000000000014 /* InventoryImport.swift */; };
		B10000000000000000000014 /* WarehouseSetupViews.swift in Sources */ = {isa = PBXBuildFile; fileRef = A20000000000000000000015 /* WarehouseSetupViews.swift */; };
/* End PBXBuildFile section */

/* Begin PBXFileReference section */
		A20000000000000000000001 /* WarehouseMapperScannerApp.swift */ = {isa = PBXFileReference; lastKnownFileType = sourcecode.swift; path = WarehouseMapperScannerApp.swift; sourceTree = "<group>"; };
		A20000000000000000000002 /* ContentView.swift */ = {isa = PBXFileReference; lastKnownFileType = sourcecode.swift; path = ContentView.swift; sourceTree = "<group>"; };
		A20000000000000000000003 /* ScanSessionController.swift */ = {isa = PBXFileReference; lastKnownFileType = sourcecode.swift; path = ScanSessionController.swift; sourceTree = "<group>"; };
		A20000000000000000000004 /* ARScannerView.swift */ = {isa = PBXFileReference; lastKnownFileType = sourcecode.swift; path = ARScannerView.swift; sourceTree = "<group>"; };
		A20000000000000000000005 /* ARMeshGeometry+SceneKit.swift */ = {isa = PBXFileReference; lastKnownFileType = sourcecode.swift; path = "ARMeshGeometry+SceneKit.swift"; sourceTree = "<group>"; };
		A20000000000000000000006 /* ScanArchive.swift */ = {isa = PBXFileReference; lastKnownFileType = sourcecode.swift; path = ScanArchive.swift; sourceTree = "<group>"; };
		A20000000000000000000007 /* SavedScansView.swift */ = {isa = PBXFileReference; lastKnownFileType = sourcecode.swift; path = SavedScansView.swift; sourceTree = "<group>"; };
		A20000000000000000000008 /* SavedScanView.swift */ = {isa = PBXFileReference; lastKnownFileType = sourcecode.swift; path = SavedScanView.swift; sourceTree = "<group>"; };
		A20000000000000000000009 /* Assets.xcassets */ = {isa = PBXFileReference; lastKnownFileType = folder.assetcatalog; path = Assets.xcassets; sourceTree = "<group>"; };
		A2000000000000000000000A /* WarehouseMapperScanner.app */ = {isa = PBXFileReference; explicitFileType = wrapper.application; includeInIndex = 0; path = WarehouseMapperScanner.app; sourceTree = BUILT_PRODUCTS_DIR; };
		A2000000000000000000000B /* WarehouseMap.swift */ = {isa = PBXFileReference; lastKnownFileType = sourcecode.swift; path = WarehouseMap.swift; sourceTree = "<group>"; };
		A2000000000000000000000C /* WarehouseMapView.swift */ = {isa = PBXFileReference; lastKnownFileType = sourcecode.swift; path = WarehouseMapView.swift; sourceTree = "<group>"; };
		A2000000000000000000000D /* WarehouseMapSceneView.swift */ = {isa = PBXFileReference; lastKnownFileType = sourcecode.swift; path = WarehouseMapSceneView.swift; sourceTree = "<group>"; };
		A2000000000000000000000E /* MarkerKit.swift */ = {isa = PBXFileReference; lastKnownFileType = sourcecode.swift; path = MarkerKit.swift; sourceTree = "<group>"; };
		A2000000000000000000000F /* BarcodeCatalog.swift */ = {isa = PBXFileReference; lastKnownFileType = sourcecode.swift; path = BarcodeCatalog.swift; sourceTree = "<group>"; };
		A20000000000000000000010 /* LocalAccountStore.swift */ = {isa = PBXFileReference; lastKnownFileType = sourcecode.swift; path = LocalAccountStore.swift; sourceTree = "<group>"; };
		A20000000000000000000011 /* LocalAccountViews.swift */ = {isa = PBXFileReference; lastKnownFileType = sourcecode.swift; path = LocalAccountViews.swift; sourceTree = "<group>"; };
		A20000000000000000000012 /* CapacityAnalysis.swift */ = {isa = PBXFileReference; lastKnownFileType = sourcecode.swift; path = CapacityAnalysis.swift; sourceTree = "<group>"; };
		A20000000000000000000013 /* SpaceDashboardView.swift */ = {isa = PBXFileReference; lastKnownFileType = sourcecode.swift; path = SpaceDashboardView.swift; sourceTree = "<group>"; };
		A20000000000000000000014 /* InventoryImport.swift */ = {isa = PBXFileReference; lastKnownFileType = sourcecode.swift; path = InventoryImport.swift; sourceTree = "<group>"; };
		A20000000000000000000015 /* WarehouseSetupViews.swift */ = {isa = PBXFileReference; lastKnownFileType = sourcecode.swift; path = WarehouseSetupViews.swift; sourceTree = "<group>"; };
/* End PBXFileReference section */

/* Begin PBXFrameworksBuildPhase section */
		C10000000000000000000001 /* Frameworks */ = {
			isa = PBXFrameworksBuildPhase;
			buildActionMask = 2147483647;
			files = (
			);
			runOnlyForDeploymentPostprocessing = 0;
		};
/* End PBXFrameworksBuildPhase section */

/* Begin PBXGroup section */
		A10000000000000000000002 = {
			isa = PBXGroup;
			children = (
				A10000000000000000000004 /* WarehouseMapperScanner */,
				A10000000000000000000003 /* Products */,
			);
			sourceTree = "<group>";
		};
		A10000000000000000000003 /* Products */ = {
			isa = PBXGroup;
			children = (
				A2000000000000000000000A /* WarehouseMapperScanner.app */,
			);
			name = Products;
			sourceTree = "<group>";
		};
		A10000000000000000000004 /* WarehouseMapperScanner */ = {
			isa = PBXGroup;
			children = (
				A20000000000000000000001 /* WarehouseMapperScannerApp.swift */,
				A20000000000000000000002 /* ContentView.swift */,
				A1000000000000000000000A /* Account */,
				A10000000000000000000005 /* Scanner */,
				A10000000000000000000006 /* Storage */,
				A10000000000000000000009 /* Planner */,
				A10000000000000000000007 /* Review */,
				A10000000000000000000008 /* Resources */,
			);
			path = WarehouseMapperScanner;
			sourceTree = "<group>";
		};
		A10000000000000000000005 /* Scanner */ = {
			isa = PBXGroup;
			children = (
				A20000000000000000000003 /* ScanSessionController.swift */,
				A20000000000000000000004 /* ARScannerView.swift */,
				A20000000000000000000005 /* ARMeshGeometry+SceneKit.swift */,
			);
			path = Scanner;
			sourceTree = "<group>";
		};
		A10000000000000000000006 /* Storage */ = {
			isa = PBXGroup;
			children = (
				A20000000000000000000006 /* ScanArchive.swift */,
				A2000000000000000000000B /* WarehouseMap.swift */,
				A2000000000000000000000F /* BarcodeCatalog.swift */,
				A20000000000000000000010 /* LocalAccountStore.swift */,
				A20000000000000000000012 /* CapacityAnalysis.swift */,
				A20000000000000000000014 /* InventoryImport.swift */,
			);
			path = Storage;
			sourceTree = "<group>";
		};
		A1000000000000000000000A /* Account */ = {
			isa = PBXGroup;
			children = (
				A20000000000000000000011 /* LocalAccountViews.swift */,
			);
			path = Account;
			sourceTree = "<group>";
		};
		A10000000000000000000009 /* Planner */ = {
			isa = PBXGroup;
			children = (
				A2000000000000000000000C /* WarehouseMapView.swift */,
				A2000000000000000000000D /* WarehouseMapSceneView.swift */,
				A2000000000000000000000E /* MarkerKit.swift */,
				A20000000000000000000013 /* SpaceDashboardView.swift */,
				A20000000000000000000015 /* WarehouseSetupViews.swift */,
			);
			path = Planner;
			sourceTree = "<group>";
		};
		A10000000000000000000007 /* Review */ = {
			isa = PBXGroup;
			children = (
				A20000000000000000000007 /* SavedScansView.swift */,
				A20000000000000000000008 /* SavedScanView.swift */,
			);
			path = Review;
			sourceTree = "<group>";
		};
		A10000000000000000000008 /* Resources */ = {
			isa = PBXGroup;
			children = (
				A20000000000000000000009 /* Assets.xcassets */,
			);
			path = Resources;
			sourceTree = "<group>";
		};
/* End PBXGroup section */

/* Begin PBXNativeTarget section */
		D10000000000000000000001 /* WarehouseMapperScanner */ = {
			isa = PBXNativeTarget;
			buildConfigurationList = E10000000000000000000006 /* Build configuration list for PBXNativeTarget "WarehouseMapperScanner" */;
			buildPhases = (
				C10000000000000000000002 /* Sources */,
				C10000000000000000000001 /* Frameworks */,
				C10000000000000000000003 /* Resources */,
			);
			buildRules = (
			);
			dependencies = (
			);
			name = WarehouseMapperScanner;
			productName = WarehouseMapperScanner;
			productReference = A2000000000000000000000A /* WarehouseMapperScanner.app */;
			productType = "com.apple.product-type.application";
		};
/* End PBXNativeTarget section */

/* Begin PBXProject section */
		A10000000000000000000001 /* Project object */ = {
			isa = PBXProject;
			attributes = {
				BuildIndependentTargetsInParallel = 1;
				LastSwiftUpdateCheck = 2660;
				LastUpgradeCheck = 2660;
				TargetAttributes = {
					D10000000000000000000001 = {
						CreatedOnToolsVersion = 26.6;
					};
				};
			};
			buildConfigurationList = E10000000000000000000005 /* Build configuration list for PBXProject "WarehouseMapperScanner" */;
			developmentRegion = en;
			hasScannedForEncodings = 0;
			knownRegions = (
				en,
				Base,
			);
			mainGroup = A10000000000000000000002;
			minimizedProjectReferenceProxies = 1;
			preferredProjectObjectVersion = 77;
			productRefGroup = A10000000000000000000003 /* Products */;
			projectDirPath = "";
			projectRoot = "";
			targets = (
				D10000000000000000000001 /* WarehouseMapperScanner */,
			);
		};
/* End PBXProject section */

/* Begin PBXResourcesBuildPhase section */
		C10000000000000000000003 /* Resources */ = {
			isa = PBXResourcesBuildPhase;
			buildActionMask = 2147483647;
			files = (
				B10000000000000000000009 /* Assets.xcassets in Resources */,
			);
			runOnlyForDeploymentPostprocessing = 0;
		};
/* End PBXResourcesBuildPhase section */

/* Begin PBXSourcesBuildPhase section */
		C10000000000000000000002 /* Sources */ = {
			isa = PBXSourcesBuildPhase;
			buildActionMask = 2147483647;
			files = (
				B10000000000000000000001 /* WarehouseMapperScannerApp.swift in Sources */,
				B10000000000000000000002 /* ContentView.swift in Sources */,
				B10000000000000000000003 /* ScanSessionController.swift in Sources */,
				B10000000000000000000004 /* ARScannerView.swift in Sources */,
				B10000000000000000000005 /* ARMeshGeometry+SceneKit.swift in Sources */,
				B10000000000000000000006 /* ScanArchive.swift in Sources */,
				B10000000000000000000007 /* SavedScansView.swift in Sources */,
				B10000000000000000000008 /* SavedScanView.swift in Sources */,
				B1000000000000000000000A /* WarehouseMap.swift in Sources */,
				B1000000000000000000000B /* WarehouseMapView.swift in Sources */,
				B1000000000000000000000C /* WarehouseMapSceneView.swift in Sources */,
				B1000000000000000000000D /* MarkerKit.swift in Sources */,
				B1000000000000000000000E /* BarcodeCatalog.swift in Sources */,
				B1000000000000000000000F /* LocalAccountStore.swift in Sources */,
				B10000000000000000000010 /* LocalAccountViews.swift in Sources */,
				B10000000000000000000011 /* CapacityAnalysis.swift in Sources */,
				B10000000000000000000012 /* SpaceDashboardView.swift in Sources */,
				B10000000000000000000013 /* InventoryImport.swift in Sources */,
				B10000000000000000000014 /* WarehouseSetupViews.swift in Sources */,
			);
			runOnlyForDeploymentPostprocessing = 0;
		};
/* End PBXSourcesBuildPhase section */

/* Begin XCBuildConfiguration section */
		E10000000000000000000001 /* Debug */ = {
			isa = XCBuildConfiguration;
			buildSettings = {
				ALWAYS_SEARCH_USER_PATHS = NO;
				CLANG_ANALYZER_NONNULL = YES;
				CLANG_CXX_LANGUAGE_STANDARD = "gnu++20";
				CLANG_ENABLE_MODULES = YES;
				CLANG_ENABLE_OBJC_ARC = YES;
				CLANG_WARN_BOOL_CONVERSION = YES;
				CLANG_WARN_CONSTANT_CONVERSION = YES;
				CLANG_WARN_EMPTY_BODY = YES;
				CLANG_WARN_ENUM_CONVERSION = YES;
				CLANG_WARN_INT_CONVERSION = YES;
				CLANG_WARN_UNREACHABLE_CODE = YES;
				COPY_PHASE_STRIP = NO;
				DEBUG_INFORMATION_FORMAT = dwarf;
				ENABLE_TESTABILITY = YES;
				GCC_C_LANGUAGE_STANDARD = gnu17;
				GCC_OPTIMIZATION_LEVEL = 0;
				GCC_PREPROCESSOR_DEFINITIONS = (
					"DEBUG=1",
					"$(inherited)",
				);
				IPHONEOS_DEPLOYMENT_TARGET = 18.0;
				MTL_ENABLE_DEBUG_INFO = INCLUDE_SOURCE;
				ONLY_ACTIVE_ARCH = YES;
				SDKROOT = iphoneos;
				SWIFT_ACTIVE_COMPILATION_CONDITIONS = "DEBUG $(inherited)";
				SWIFT_OPTIMIZATION_LEVEL = "-Onone";
			};
			name = Debug;
		};
		E10000000000000000000002 /* Release */ = {
			isa = XCBuildConfiguration;
			buildSettings = {
				ALWAYS_SEARCH_USER_PATHS = NO;
				CLANG_ANALYZER_NONNULL = YES;
				CLANG_CXX_LANGUAGE_STANDARD = "gnu++20";
				CLANG_ENABLE_MODULES = YES;
				CLANG_ENABLE_OBJC_ARC = YES;
				CLANG_WARN_BOOL_CONVERSION = YES;
				CLANG_WARN_CONSTANT_CONVERSION = YES;
				CLANG_WARN_EMPTY_BODY = YES;
				CLANG_WARN_ENUM_CONVERSION = YES;
				CLANG_WARN_INT_CONVERSION = YES;
				CLANG_WARN_UNREACHABLE_CODE = YES;
				COPY_PHASE_STRIP = YES;
				DEBUG_INFORMATION_FORMAT = "dwarf-with-dsym";
				ENABLE_NS_ASSERTIONS = NO;
				GCC_C_LANGUAGE_STANDARD = gnu17;
				IPHONEOS_DEPLOYMENT_TARGET = 18.0;
				MTL_ENABLE_DEBUG_INFO = NO;
				SDKROOT = iphoneos;
				SWIFT_COMPILATION_MODE = wholemodule;
				VALIDATE_PRODUCT = YES;
			};
			name = Release;
		};
		E10000000000000000000003 /* Debug */ = {
			isa = XCBuildConfiguration;
			buildSettings = {
				ASSETCATALOG_COMPILER_GLOBAL_ACCENT_COLOR_NAME = AccentColor;
				CODE_SIGN_STYLE = Automatic;
				CURRENT_PROJECT_VERSION = 1;
				DEVELOPMENT_TEAM = 7M6B7V7368;
				GENERATE_INFOPLIST_FILE = YES;
				INFOPLIST_KEY_NSCameraUsageDescription = "WarehouseMapper uses the camera and LiDAR scanner to create local 3D warehouse maps.";
				INFOPLIST_KEY_UIApplicationSceneManifest_Generation = YES;
				INFOPLIST_KEY_UIApplicationSupportsIndirectInputEvents = YES;
				INFOPLIST_KEY_UILaunchScreen_Generation = YES;
				LD_RUNPATH_SEARCH_PATHS = (
					"$(inherited)",
					"@executable_path/Frameworks",
				);
				MARKETING_VERSION = 0.1.0;
				PRODUCT_BUNDLE_IDENTIFIER = com.paulclarkiv.WarehouseMapperScanner;
				PRODUCT_NAME = "$(TARGET_NAME)";
				SUPPORTED_PLATFORMS = "iphoneos iphonesimulator";
				SUPPORTS_MACCATALYST = NO;
				SWIFT_EMIT_LOC_STRINGS = YES;
				SWIFT_VERSION = 5.0;
				TARGETED_DEVICE_FAMILY = 1;
			};
			name = Debug;
		};
		E10000000000000000000004 /* Release */ = {
			isa = XCBuildConfiguration;
			buildSettings = {
				ASSETCATALOG_COMPILER_GLOBAL_ACCENT_COLOR_NAME = AccentColor;
				CODE_SIGN_STYLE = Automatic;
				CURRENT_PROJECT_VERSION = 1;
				DEVELOPMENT_TEAM = 7M6B7V7368;
				GENERATE_INFOPLIST_FILE = YES;
				INFOPLIST_KEY_NSCameraUsageDescription = "WarehouseMapper uses the camera and LiDAR scanner to create local 3D warehouse maps.";
				INFOPLIST_KEY_UIApplicationSceneManifest_Generation = YES;
				INFOPLIST_KEY_UIApplicationSupportsIndirectInputEvents = YES;
				INFOPLIST_KEY_UILaunchScreen_Generation = YES;
				LD_RUNPATH_SEARCH_PATHS = (
					"$(inherited)",
					"@executable_path/Frameworks",
				);
				MARKETING_VERSION = 0.1.0;
				PRODUCT_BUNDLE_IDENTIFIER = com.paulclarkiv.WarehouseMapperScanner;
				PRODUCT_NAME = "$(TARGET_NAME)";
				SUPPORTED_PLATFORMS = "iphoneos iphonesimulator";
				SUPPORTS_MACCATALYST = NO;
				SWIFT_EMIT_LOC_STRINGS = YES;
				SWIFT_VERSION = 5.0;
				TARGETED_DEVICE_FAMILY = 1;
			};
			name = Release;
		};
/* End XCBuildConfiguration section */

/* Begin XCConfigurationList section */
		E10000000000000000000005 /* Build configuration list for PBXProject "WarehouseMapperScanner" */ = {
			isa = XCConfigurationList;
			buildConfigurations = (
				E10000000000000000000001 /* Debug */,
				E10000000000000000000002 /* Release */,
			);
			defaultConfigurationIsVisible = 0;
			defaultConfigurationName = Release;
		};
		E10000000000000000000006 /* Build configuration list for PBXNativeTarget "WarehouseMapperScanner" */ = {
			isa = XCConfigurationList;
			buildConfigurations = (
				E10000000000000000000003 /* Debug */,
				E10000000000000000000004 /* Release */,
			);
			defaultConfigurationIsVisible = 0;
			defaultConfigurationName = Release;
		};
/* End XCConfigurationList section */
	};
	rootObject = A10000000000000000000001 /* Project object */;
}
